<?xml version="1.0" encoding="utf-8"?>
<Project ToolsVersion="4.0" xmlns="http://schemas.microsoft.com/developer/msbuild/2003">
  <ItemGroup>
    <Filter Include="源文件">
      <UniqueIdentifier>{4FC737F1-C7A5-4376-A066-2A32D752A2FF}</UniqueIdentifier>
      <Extensions>cpp;c;cc;cxx;def;odl;idl;hpj;bat;asm;asmx</Extensions>
    </Filter>
    <Filter Include="头文件">
      <UniqueIdentifier>{93995380-89BD-4b04-88EB-625FBE52EBFB}</UniqueIdentifier>
      <Extensions>h;hh;hpp;hxx;hm;inl;inc;ipp;xsd</Extensions>
    </Filter>
    <Filter Include="资源文件">
      <UniqueIdentifier>{67DA6AB6-F800-4c08-8B7A-83BB121AAD01}</UniqueIdentifier>
      <Extensions>rc;ico;cur;bmp;dlg;rc2;rct;bin;rgs;gif;jpg;jpeg;jpe;resx;tiff;tif;png;wav;mfcribbon-ms</Extensions>
    </Filter>
    <Filter Include="头文件\xjt">
      <UniqueIdentifier>{30894852-b4b0-4bde-8f92-eea5e5ffb4b9}</UniqueIdentifier>
    </Filter>
    <Filter Include="头文件\xjt\Proxy">
      <UniqueIdentifier>{999375fb-3076-4d20-9f30-ab1325414eb4}</UniqueIdentifier>
    </Filter>
    <Filter Include="源文件\xjt">
      <UniqueIdentifier>{2b9da75c-84fd-448a-92d8-23fe6a961d09}</UniqueIdentifier>
    </Filter>
    <Filter Include="源文件\xjt\Proxy">
      <UniqueIdentifier>{77308d73-1f5e-4475-8229-9a4c72d8bfcc}</UniqueIdentifier>
    </Filter>
    <Filter Include="头文件\xjt\Observer">
      <UniqueIdentifier>{5c469f9e-0abe-492f-a5dc-695f4a6a8256}</UniqueIdentifier>
    </Filter>
    <Filter Include="源文件\xjt\Observer">
      <UniqueIdentifier>{d72baf05-78ba-4970-b626-73f3a4799b1d}</UniqueIdentifier>
    </Filter>
    <Filter Include="源文件\xjt\Register">
      <UniqueIdentifier>{92bbcdcc-3229-4e92-b17d-ee35239dc580}</UniqueIdentifier>
    </Filter>
    <Filter Include="头文件\xjt\Register">
      <UniqueIdentifier>{a9ddc70d-fe88-409a-8a59-8ca7c7e8dc3c}</UniqueIdentifier>
    </Filter>
    <Filter Include="头文件\hyo">
      <UniqueIdentifier>{ec03a355-06f1-49f5-8791-cd2c5a9d87b3}</UniqueIdentifier>
    </Filter>
    <Filter Include="头文件\hyo\Flyweight">
      <UniqueIdentifier>{4b1d2140-c070-45b6-ad3b-b8370afbd4dc}</UniqueIdentifier>
    </Filter>
    <Filter Include="源文件\hyo">
      <UniqueIdentifier>{3aa637b8-a022-4d70-8cdd-3055f5fcaeac}</UniqueIdentifier>
    </Filter>
    <Filter Include="源文件\hyo\Flyweight">
      <UniqueIdentifier>{55c4d86b-9abb-4e67-99db-60ca7e83e169}</UniqueIdentifier>
    </Filter>
    <Filter Include="头文件\hyo\BusinessDelegate">
      <UniqueIdentifier>{a1494dfd-907d-4298-a89d-89229dd69f4e}</UniqueIdentifier>
    </Filter>
    <Filter Include="源文件\hyo\BusinessDelegate">
      <UniqueIdentifier>{ee25f422-b0d5-43d4-b197-70c1b436542f}</UniqueIdentifier>
    </Filter>
    <Filter Include="头文件\hyo\State&amp;Template">
      <UniqueIdentifier>{b647e20d-0dfb-42c8-a624-76794aa2a8ea}</UniqueIdentifier>
    </Filter>
    <Filter Include="源文件\hyo\State&amp;Template">
      <UniqueIdentifier>{813c7b4f-9c74-424a-b5e3-5d82e4ddf290}</UniqueIdentifier>
    </Filter>
    <Filter Include="源文件\lxp">
      <UniqueIdentifier>{dbc4644d-9c9a-498c-913c-734b08c09741}</UniqueIdentifier>
    </Filter>
    <Filter Include="头文件\lxp">
      <UniqueIdentifier>{d34e00bb-8eda-41ae-8517-1beab2f002ae}</UniqueIdentifier>
    </Filter>
    <Filter Include="头文件\wjq">
      <UniqueIdentifier>{676d35fd-2c92-4adf-a448-b328958f51b2}</UniqueIdentifier>
    </Filter>
    <Filter Include="源文件\wjq">
      <UniqueIdentifier>{4f884403-232c-445e-85bc-c6ba8cac91bc}</UniqueIdentifier>
    </Filter>
    <Filter Include="头文件\wjq\FactoryMethod">
      <UniqueIdentifier>{3a071866-7cd1-4ecb-9569-a494503f8ac5}</UniqueIdentifier>
    </Filter>
    <Filter Include="头文件\wjq\Interpreter">
      <UniqueIdentifier>{083b4453-b976-43dc-9f4e-832c7a92f948}</UniqueIdentifier>
    </Filter>
    <Filter Include="头文件\wjq\ObjectPool">
      <UniqueIdentifier>{4c1d5fd6-76aa-4a92-a319-744a57a0ec8b}</UniqueIdentifier>
    </Filter>
    <Filter Include="头文件\wjq\Test">
      <UniqueIdentifier>{0b701cdd-bffc-4c9a-89b7-ae8d8f307eca}</UniqueIdentifier>
    </Filter>
    <Filter Include="头文件\syj">
      <UniqueIdentifier>{89e08cb0-3c4b-44f6-a422-bad42089c97e}</UniqueIdentifier>
    </Filter>
    <Filter Include="源文件\syj">
      <UniqueIdentifier>{4eebdd91-1e7c-4f5d-a5cf-a9eaa906b5cc}</UniqueIdentifier>
    </Filter>
    <Filter Include="头文件\syj\Command">
      <UniqueIdentifier>{2647ff27-6f9d-4c12-a51a-6ebf90a74d73}</UniqueIdentifier>
    </Filter>
    <Filter Include="头文件\syj\Composite">
      <UniqueIdentifier>{64cda1a7-79bc-40e1-abd2-babfa09a7aa4}</UniqueIdentifier>
    </Filter>
    <Filter Include="头文件\syj\FrontController">
      <UniqueIdentifier>{0c435351-a4f7-44cc-9ae4-d0ba13d0c266}</UniqueIdentifier>
    </Filter>
    <Filter Include="源文件\syj\Command">
      <UniqueIdentifier>{ae709ce3-e2ba-4c4d-a3ad-75f10432a41a}</UniqueIdentifier>
    </Filter>
    <Filter Include="源文件\syj\Composite">
      <UniqueIdentifier>{363f72cf-4d0f-47e5-9ec1-0a99d053d20a}</UniqueIdentifier>
    </Filter>
    <Filter Include="源文件\syj\FrontController">
      <UniqueIdentifier>{b4e546e1-4393-4685-ae06-3feb06bcf55d}</UniqueIdentifier>
    </Filter>
    <Filter Include="头文件\hdl">
      <UniqueIdentifier>{9a22ad11-cd34-4daf-aafd-4bd8f78cf9ef}</UniqueIdentifier>
    </Filter>
    <Filter Include="源文件\hdl">
      <UniqueIdentifier>{e4b8ab81-b6b2-4b4d-ba9c-fd53f8343f35}</UniqueIdentifier>
    </Filter>
    <Filter Include="头文件\hdl\AbstractFactory">
      <UniqueIdentifier>{b4afc464-e86a-4b2b-90ba-ab0309aeb980}</UniqueIdentifier>
    </Filter>
    <Filter Include="头文件\hdl\Decorator">
      <UniqueIdentifier>{db51d765-cc8a-40bd-9f29-580e1b2c4adf}</UniqueIdentifier>
    </Filter>
    <Filter Include="头文件\hdl\InterfaceFluent">
      <UniqueIdentifier>{606fdc5c-f953-4ea4-90b9-7e18d6fdc06b}</UniqueIdentifier>
    </Filter>
    <Filter Include="源文件\hdl\AbstractFactory">
      <UniqueIdentifier>{28e23165-64fd-49d7-992a-317ef6fec3d5}</UniqueIdentifier>
    </Filter>
    <Filter Include="源文件\hdl\Decorator">
      <UniqueIdentifier>{35895313-567c-4ffd-b37c-b8fe2be4a33f}</UniqueIdentifier>
    </Filter>
    <Filter Include="源文件\hdl\InterfaceFluent">
      <UniqueIdentifier>{33c37c80-9316-41ff-be58-91373dea6649}</UniqueIdentifier>
    </Filter>
    <Filter Include="源文件\yqx">
      <UniqueIdentifier>{27cb2a3c-373a-47d2-8bec-e2d35c98aa80}</UniqueIdentifier>
    </Filter>
    <Filter Include="头文件\yqx">
      <UniqueIdentifier>{be8eee66-eb4a-4c05-a77b-5e789698e2fd}</UniqueIdentifier>
    </Filter>
    <Filter Include="头文件\yqx\Bridge">
      <UniqueIdentifier>{5ecda193-649d-4cfd-a7bf-996d5ceacf83}</UniqueIdentifier>
    </Filter>
    <Filter Include="头文件\yqx\Builder">
      <UniqueIdentifier>{91e4609a-ac86-44d1-b5fb-a7f1c3c6d3a8}</UniqueIdentifier>
    </Filter>
    <Filter Include="头文件\yqx\Multiton">
      <UniqueIdentifier>{e2364de4-6baf-4324-acf1-8f5230003b06}</UniqueIdentifier>
    </Filter>
    <Filter Include="源文件\yqx\Bridge">
      <UniqueIdentifier>{863d4cae-402d-4c19-8632-585690185df4}</UniqueIdentifier>
    </Filter>
    <Filter Include="源文件\yqx\Builder">
      <UniqueIdentifier>{7dea4bfa-cae9-4d84-b0d3-5be9da365f31}</UniqueIdentifier>
    </Filter>
    <Filter Include="源文件\yqx\Multiton">
      <UniqueIdentifier>{50eee2d4-1fa0-4f45-9837-88e8d6f5bd51}</UniqueIdentifier>
    </Filter>
    <Filter Include="头文件\zmz">
      <UniqueIdentifier>{734e703c-680e-48f0-846d-2baaac528242}</UniqueIdentifier>
    </Filter>
    <Filter Include="源文件\zmz">
      <UniqueIdentifier>{b46f96ad-520b-4fd6-aeb4-19b1c5647934}</UniqueIdentifier>
    </Filter>
    <Filter Include="源文件\zmz\Adapter">
      <UniqueIdentifier>{7fb4465a-3182-418d-af19-8e74dee29ea0}</UniqueIdentifier>
    </Filter>
    <Filter Include="头文件\zmz\Adapter">
      <UniqueIdentifier>{2435d239-b329-4a25-ac8a-12dfafec3300}</UniqueIdentifier>
    </Filter>
    <Filter Include="源文件\zmz\Mediator">
      <UniqueIdentifier>{743ef402-35d0-409d-85ee-7c5b658ebbff}</UniqueIdentifier>
    </Filter>
    <Filter Include="头文件\zmz\Mediator">
      <UniqueIdentifier>{860b2d19-7439-4423-86b7-f97d71deb2fd}</UniqueIdentifier>
    </Filter>
    <Filter Include="头文件\zxm">
      <UniqueIdentifier>{b14ac334-60a7-47d1-92fa-5277ceb66e8e}</UniqueIdentifier>
    </Filter>
    <Filter Include="源文件\zxm">
      <UniqueIdentifier>{5de0b15c-44c9-449c-a467-eb6472f15825}</UniqueIdentifier>
    </Filter>
    <Filter Include="源文件\zxm\Prototype">
      <UniqueIdentifier>{3fca9a87-9087-4a71-88e8-226b20e442a9}</UniqueIdentifier>
    </Filter>
    <Filter Include="源文件\zxm\SingletonMemento">
      <UniqueIdentifier>{f326a56e-2802-4102-a629-4c51a71b8efc}</UniqueIdentifier>
    </Filter>
    <Filter Include="源文件\zxm\StaticFactoryMethod">
      <UniqueIdentifier>{f8603aae-a1e2-4852-8b23-dcbaff3e79d1}</UniqueIdentifier>
    </Filter>
    <Filter Include="头文件\zxm\StaticFactoryMethod">
      <UniqueIdentifier>{d8cbc1bd-becd-48e9-bf24-61366f05272e}</UniqueIdentifier>
    </Filter>
    <Filter Include="头文件\zxm\SingletonMemento">
      <UniqueIdentifier>{79a1e64f-950e-4d67-a8f3-8d5d4066b77a}</UniqueIdentifier>
    </Filter>
    <Filter Include="头文件\zxm\Prototype">
      <UniqueIdentifier>{591a0800-b3c4-414b-a869-f3551d0a7888}</UniqueIdentifier>
    </Filter>
    <Filter Include="头文件\ht">
      <UniqueIdentifier>{876c6d40-00b8-45bf-88eb-476b060a9d61}</UniqueIdentifier>
    </Filter>
    <Filter Include="源文件\ht">
      <UniqueIdentifier>{27e4816b-1d9c-4e8d-afe4-14247625faf9}</UniqueIdentifier>
    </Filter>
    <Filter Include="源文件\ht\ChainsOfResponsibility">
      <UniqueIdentifier>{d7b31088-97d5-4183-b32f-bf07c4de6272}</UniqueIdentifier>
    </Filter>
    <Filter Include="头文件\ht\ChainsOfResponsibility">
      <UniqueIdentifier>{d0c457e0-c5f9-4193-934a-8ea916a5b1d4}</UniqueIdentifier>
    </Filter>
    <Filter Include="源文件\ht\Iterator">
      <UniqueIdentifier>{7e6fe194-6ed3-467d-b16c-e4e7ab8c7fc2}</UniqueIdentifier>
    </Filter>
    <Filter Include="源文件\ht\Specification">
      <UniqueIdentifier>{4d41ef70-b1ec-4450-aaf9-e218d4d3e176}</UniqueIdentifier>
    </Filter>
    <Filter Include="源文件\ht\ReplaceTempWithQuery">
      <UniqueIdentifier>{469b8b77-671a-4d9b-b2a0-c64740b74d8e}</UniqueIdentifier>
    </Filter>
    <Filter Include="头文件\ht\Iterator">
      <UniqueIdentifier>{e39c5584-36d8-4590-932d-4b995f93602a}</UniqueIdentifier>
    </Filter>
    <Filter Include="头文件\ht\Specification">
      <UniqueIdentifier>{ebfadaa4-14ed-41c1-a0fa-67a36de8334c}</UniqueIdentifier>
    </Filter>
    <Filter Include="头文件\ht\ReplaceTempWithQuery">
      <UniqueIdentifier>{c4a5570b-6acf-41f6-8fec-7090a89d6403}</UniqueIdentifier>
    </Filter>
  </ItemGroup>
  <ItemGroup>
    <ClCompile Include="AnimalOlympic.cpp">
      <Filter>源文件</Filter>
    </ClCompile>
    <ClCompile Include="CommitteeOfGame.cpp">
      <Filter>源文件\xjt\Proxy</Filter>
    </ClCompile>
    <ClCompile Include="CommitteeOfDigging.cpp">
      <Filter>源文件\xjt\Proxy</Filter>
    </ClCompile>
    <ClCompile Include="Proxy.cpp">
      <Filter>源文件\xjt\Proxy</Filter>
    </ClCompile>
    <ClCompile Include="Subject.cpp">
      <Filter>源文件\xjt\Observer</Filter>
    </ClCompile>
    <ClCompile Include="Player.cpp">
      <Filter>源文件\xjt\Observer</Filter>
    </ClCompile>
    <ClCompile Include="Observer.cpp">
      <Filter>源文件\xjt\Observer</Filter>
    </ClCompile>
    <ClCompile Include="Tree.cpp">
      <Filter>源文件\xjt\Register</Filter>
    </ClCompile>
    <ClCompile Include="Register.cpp">
      <Filter>源文件\xjt\Register</Filter>
    </ClCompile>
    <ClCompile Include="Flyweight.cpp">
      <Filter>源文件\hyo\Flyweight</Filter>
    </ClCompile>
    <ClCompile Include="Poster.cpp">
      <Filter>源文件\hyo\Flyweight</Filter>
    </ClCompile>
    <ClCompile Include="PosterFactory.cpp">
      <Filter>源文件\hyo\Flyweight</Filter>
    </ClCompile>
    <ClCompile Include="PosterManager.cpp">
      <Filter>源文件\hyo\Flyweight</Filter>
    </ClCompile>
    <ClCompile Include="GroundAfterUsedState.cpp">
      <Filter>源文件\hyo\State&amp;Template</Filter>
    </ClCompile>
    <ClCompile Include="GroundBeforeUsingState.cpp">
      <Filter>源文件\hyo\State&amp;Template</Filter>
    </ClCompile>
    <ClCompile Include="PoolGround.cpp">
      <Filter>源文件\hyo\State&amp;Template</Filter>
    </ClCompile>
    <ClCompile Include="State.cpp">
      <Filter>源文件\hyo\State&amp;Template</Filter>
    </ClCompile>
    <ClCompile Include="TrackGround.cpp">
      <Filter>源文件\hyo\State&amp;Template</Filter>
    </ClCompile>
    <ClCompile Include="BusinessDelegate.cpp">
      <Filter>源文件\hyo\BusinessDelegate</Filter>
    </ClCompile>
    <ClCompile Include="Client.cpp">
      <Filter>源文件\hyo\BusinessDelegate</Filter>
    </ClCompile>
    <ClCompile Include="DrinkingService.cpp">
      <Filter>源文件\hyo\BusinessDelegate</Filter>
    </ClCompile>
    <ClCompile Include="QueryService.cpp">
      <Filter>源文件\hyo\BusinessDelegate</Filter>
    </ClCompile>
    <ClCompile Include="Service.cpp">
      <Filter>源文件\hyo\BusinessDelegate</Filter>
    </ClCompile>
    <ClCompile Include="ServiceDelegate.cpp">
      <Filter>源文件\hyo\BusinessDelegate</Filter>
    </ClCompile>
    <ClCompile Include="TicketService.cpp">
      <Filter>源文件\hyo\BusinessDelegate</Filter>
    </ClCompile>
    <ClCompile Include="Add.cpp">
      <Filter>源文件\lxp</Filter>
    </ClCompile>
    <ClCompile Include="AddGoodsFilter.cpp">
      <Filter>源文件\lxp</Filter>
    </ClCompile>
    <ClCompile Include="AddPorterFilter.cpp">
      <Filter>源文件\lxp</Filter>
    </ClCompile>
    <ClCompile Include="BuyGoodsFilter.cpp">
      <Filter>源文件\lxp</Filter>
    </ClCompile>
    <ClCompile Include="CClient.cpp">
      <Filter>源文件\lxp</Filter>
    </ClCompile>
    <ClCompile Include="Filter.cpp">
      <Filter>源文件\lxp</Filter>
    </ClCompile>
    <ClCompile Include="FilterManager.cpp">
      <Filter>源文件\lxp</Filter>
    </ClCompile>
    <ClCompile Include="Goods.cpp">
      <Filter>源文件\lxp</Filter>
    </ClCompile>
    <ClCompile Include="List.cpp">
      <Filter>源文件\lxp</Filter>
    </ClCompile>
    <ClCompile Include="LookGoodsFilter.cpp">
      <Filter>源文件\lxp</Filter>
    </ClCompile>
    <ClCompile Include="LookPorterFilter.cpp">
      <Filter>源文件\lxp</Filter>
    </ClCompile>
    <ClCompile Include="Page.cpp">
      <Filter>源文件\lxp</Filter>
    </ClCompile>
    <ClCompile Include="Porter.cpp">
      <Filter>源文件\lxp</Filter>
    </ClCompile>
    <ClCompile Include="PortFilter.cpp">
      <Filter>源文件\lxp</Filter>
    </ClCompile>
    <ClCompile Include="Reduce.cpp">
      <Filter>源文件\lxp</Filter>
    </ClCompile>
    <ClCompile Include="ServiceHall.cpp">
      <Filter>源文件\wjq</Filter>
    </ClCompile>
    <ClCompile Include="Clerk.cpp">
      <Filter>源文件\syj\Command</Filter>
    </ClCompile>
    <ClCompile Include="command.cpp">
      <Filter>源文件\syj\Command</Filter>
    </ClCompile>
    <ClCompile Include="ShopAssistant.cpp">
      <Filter>源文件\syj\Command</Filter>
    </ClCompile>
    <ClCompile Include="composite.cpp">
      <Filter>源文件\syj\Composite</Filter>
    </ClCompile>
    <ClCompile Include="MenuItem.cpp">
      <Filter>源文件\syj\Composite</Filter>
    </ClCompile>
    <ClCompile Include="MMenu.cpp">
      <Filter>源文件\syj\Composite</Filter>
    </ClCompile>
    <ClCompile Include="FacilityProblemSolver.cpp">
      <Filter>源文件\syj\FrontController</Filter>
    </ClCompile>
    <ClCompile Include="FoodProblemSolver.cpp">
      <Filter>源文件\syj\FrontController</Filter>
    </ClCompile>
    <ClCompile Include="MatchProblemSolver.cpp">
      <Filter>源文件\syj\FrontController</Filter>
    </ClCompile>
    <ClCompile Include="OlympicServiceCenter.cpp">
      <Filter>源文件\syj\FrontController</Filter>
    </ClCompile>
    <ClCompile Include="RequestDispatcher.cpp">
      <Filter>源文件\syj\FrontController</Filter>
    </ClCompile>
    <ClCompile Include="safeProblemSolver.cpp">
      <Filter>源文件\syj\FrontController</Filter>
    </ClCompile>
    <ClCompile Include="FengFactory.cpp">
      <Filter>源文件\hdl\AbstractFactory</Filter>
    </ClCompile>
    <ClCompile Include="AbstractFactory.cpp">
      <Filter>源文件\hdl\AbstractFactory</Filter>
    </ClCompile>
    <ClCompile Include="Factory.cpp">
      <Filter>源文件\hdl\AbstractFactory</Filter>
    </ClCompile>
    <ClCompile Include="FengGoggleProduct.cpp">
      <Filter>源文件\hdl\AbstractFactory</Filter>
    </ClCompile>
    <ClCompile Include="FengHelmetProduct.cpp">
      <Filter>源文件\hdl\AbstractFactory</Filter>
    </ClCompile>
    <ClCompile Include="FengKneecapProduct.cpp">
      <Filter>源文件\hdl\AbstractFactory</Filter>
    </ClCompile>
    <ClCompile Include="GoggleProduct.cpp">
      <Filter>源文件\hdl\AbstractFactory</Filter>
    </ClCompile>
    <ClCompile Include="HelmetProduct.cpp">
      <Filter>源文件\hdl\AbstractFactory</Filter>
    </ClCompile>
    <ClCompile Include="KneecapProduct.cpp">
      <Filter>源文件\hdl\AbstractFactory</Filter>
    </ClCompile>
    <ClCompile Include="LongFactory.cpp">
      <Filter>源文件\hdl\AbstractFactory</Filter>
    </ClCompile>
    <ClCompile Include="LongGoggleProduct.cpp">
      <Filter>源文件\hdl\AbstractFactory</Filter>
    </ClCompile>
    <ClCompile Include="LongHelmetProduct.cpp">
      <Filter>源文件\hdl\AbstractFactory</Filter>
    </ClCompile>
    <ClCompile Include="LongKneecapProduct.cpp">
      <Filter>源文件\hdl\AbstractFactory</Filter>
    </ClCompile>
    <ClCompile Include="AnimalSportsDrinks.cpp">
      <Filter>源文件\hdl\Decorator</Filter>
    </ClCompile>
    <ClCompile Include="Decorator.cpp">
      <Filter>源文件\hdl\Decorator</Filter>
    </ClCompile>
    <ClCompile Include="GLC.cpp">
      <Filter>源文件\hdl\Decorator</Filter>
    </ClCompile>
    <ClCompile Include="KCl.cpp">
      <Filter>源文件\hdl\Decorator</Filter>
    </ClCompile>
    <ClCompile Include="NaCl.cpp">
      <Filter>源文件\hdl\Decorator</Filter>
    </ClCompile>
    <ClCompile Include="SportsDrinks.cpp">
      <Filter>源文件\hdl\Decorator</Filter>
    </ClCompile>
    <ClCompile Include="SportsDrinksDecorator.cpp">
      <Filter>源文件\hdl\Decorator</Filter>
    </ClCompile>
    <ClCompile Include="SUC.cpp">
      <Filter>源文件\hdl\Decorator</Filter>
    </ClCompile>
    <ClCompile Include="VitaminB6.cpp">
      <Filter>源文件\hdl\Decorator</Filter>
    </ClCompile>
    <ClCompile Include="VitaminC.cpp">
      <Filter>源文件\hdl\Decorator</Filter>
    </ClCompile>
    <ClCompile Include="InterfaceFluent.cpp">
      <Filter>源文件\hdl\InterfaceFluent</Filter>
    </ClCompile>
    <ClCompile Include="PersonalInformation.cpp">
      <Filter>源文件\hdl\InterfaceFluent</Filter>
    </ClCompile>
    <ClCompile Include="Bridge.cpp">
      <Filter>源文件\yqx\Bridge</Filter>
    </ClCompile>
    <ClCompile Include="Multiton.cpp">
      <Filter>源文件\yqx\Multiton</Filter>
    </ClCompile>
    <ClCompile Include="Builder.cpp">
      <Filter>源文件\yqx\Builder</Filter>
    </ClCompile>
    <ClCompile Include="LionPlayer.cpp">
      <Filter>源文件\zmz\Adapter</Filter>
    </ClCompile>
    <ClCompile Include="Elephantplayer.cpp">
      <Filter>源文件\zmz\Adapter</Filter>
    </ClCompile>
    <ClCompile Include="DolphinPlayer.cpp">
      <Filter>源文件\zmz\Adapter</Filter>
    </ClCompile>
    <ClCompile Include="Singing.cpp">
      <Filter>源文件\zmz\Adapter</Filter>
    </ClCompile>
    <ClCompile Include="Board.cpp">
      <Filter>源文件\zmz\Mediator</Filter>
    </ClCompile>
    <ClCompile Include="Statistics.cpp">
      <Filter>源文件\zmz\Mediator</Filter>
    </ClCompile>
    <ClCompile Include="AthleticsCompetitionCard.cpp">
      <Filter>源文件\zxm\StaticFactoryMethod</Filter>
    </ClCompile>
    <ClCompile Include="BallCompetitionCard.cpp">
      <Filter>源文件\zxm\StaticFactoryMethod</Filter>
    </ClCompile>
    <ClCompile Include="CompetitionCardFactory.cpp">
      <Filter>源文件\zxm\StaticFactoryMethod</Filter>
    </ClCompile>
    <ClCompile Include="StaticFactoryMethod.cpp">
      <Filter>源文件\zxm\StaticFactoryMethod</Filter>
    </ClCompile>
    <ClCompile Include="WaterCompetitionCard.cpp">
      <Filter>源文件\zxm\StaticFactoryMethod</Filter>
    </ClCompile>
    <ClCompile Include="SingletonMemento.cpp">
      <Filter>源文件\zxm\SingletonMemento</Filter>
    </ClCompile>
    <ClCompile Include="CopperMedal.cpp">
      <Filter>源文件\zxm\Prototype</Filter>
    </ClCompile>
    <ClCompile Include="GoldMedal.cpp">
      <Filter>源文件\zxm\Prototype</Filter>
    </ClCompile>
    <ClCompile Include="Medal.cpp">
      <Filter>源文件\zxm\Prototype</Filter>
    </ClCompile>
    <ClCompile Include="SilverMedal.cpp">
      <Filter>源文件\zxm\Prototype</Filter>
    </ClCompile>
    <ClCompile Include="Myprototype.cpp">
      <Filter>源文件\zxm\Prototype</Filter>
    </ClCompile>
    <ClCompile Include="attendingdoctor.cpp">
      <Filter>源文件\ht\ChainsOfResponsibility</Filter>
    </ClCompile>
    <ClCompile Include="ChainsOfResponsibilityPattern.cpp">
      <Filter>源文件\ht\ChainsOfResponsibility</Filter>
    </ClCompile>
    <ClCompile Include="CheifDoctor.cpp">
      <Filter>源文件\ht\ChainsOfResponsibility</Filter>
    </ClCompile>
    <ClCompile Include="doctor.cpp">
      <Filter>源文件\ht\ChainsOfResponsibility</Filter>
    </ClCompile>
    <ClCompile Include="EmergencyDoctor.cpp">
      <Filter>源文件\ht\ChainsOfResponsibility</Filter>
    </ClCompile>
    <ClCompile Include="normaldoctor.cpp">
      <Filter>源文件\ht\ChainsOfResponsibility</Filter>
    </ClCompile>
    <ClCompile Include="patient.cpp">
      <Filter>源文件\ht\ChainsOfResponsibility</Filter>
    </ClCompile>
    <ClCompile Include="audience.cpp">
      <Filter>源文件\ht\Iterator</Filter>
    </ClCompile>
    <ClCompile Include="IteratorPattern.cpp">
      <Filter>源文件\ht\Iterator</Filter>
    </ClCompile>
    <ClCompile Include="AbstractSpecification.cpp">
      <Filter>源文件\ht\Specification</Filter>
    </ClCompile>
    <ClCompile Include="AndSpecification.cpp">
      <Filter>源文件\ht\Specification</Filter>
    </ClCompile>
    <ClCompile Include="AnimalCandidate.cpp">
      <Filter>源文件\ht\Specification</Filter>
    </ClCompile>
    <ClCompile Include="ChampionSpecification.cpp">
      <Filter>源文件\ht\Specification</Filter>
    </ClCompile>
    <ClCompile Include="HasCheatedSpecification.cpp">
      <Filter>源文件\ht\Specification</Filter>
    </ClCompile>
    <ClCompile Include="MedalSpecification.cpp">
      <Filter>源文件\ht\Specification</Filter>
    </ClCompile>
    <ClCompile Include="NotSpecification.cpp">
      <Filter>源文件\ht\Specification</Filter>
    </ClCompile>
    <ClCompile Include="OrSpecification.cpp">
      <Filter>源文件\ht\Specification</Filter>
    </ClCompile>
    <ClCompile Include="SpecificationPattern.cpp">
      <Filter>源文件\ht\Specification</Filter>
    </ClCompile>
    <ClCompile Include="improvedRecordOrder.cpp">
      <Filter>源文件\ht\ReplaceTempWithQuery</Filter>
    </ClCompile>
    <ClCompile Include="Order.cpp">
      <Filter>源文件\ht\ReplaceTempWithQuery</Filter>
    </ClCompile>
    <ClCompile Include="pastRecordOrder.cpp">
      <Filter>源文件\ht\ReplaceTempWithQuery</Filter>
    </ClCompile>
    <ClCompile Include="ReplaceTempWithQueryPattern.cpp">
      <Filter>源文件\ht\ReplaceTempWithQuery</Filter>
    </ClCompile>
  </ItemGroup>
  <ItemGroup>
    <ClInclude Include="Register.h">
      <Filter>头文件\xjt\Register</Filter>
    </ClInclude>
    <ClInclude Include="Tree.h">
      <Filter>头文件\xjt\Register</Filter>
    </ClInclude>
    <ClInclude Include="Proxy.h">
      <Filter>头文件\xjt\Proxy</Filter>
    </ClInclude>
    <ClInclude Include="CommitteeOfGame.h">
      <Filter>头文件\xjt\Proxy</Filter>
    </ClInclude>
    <ClInclude Include="CommitteeOfDigging.h">
      <Filter>头文件\xjt\Proxy</Filter>
    </ClInclude>
    <ClInclude Include="Subject.h">
      <Filter>头文件\xjt\Observer</Filter>
    </ClInclude>
    <ClInclude Include="Player.h">
      <Filter>头文件\xjt\Observer</Filter>
    </ClInclude>
    <ClInclude Include="Observer.h">
      <Filter>头文件\xjt\Observer</Filter>
    </ClInclude>
    <ClInclude Include="PosterManager.h">
      <Filter>头文件\hyo\Flyweight</Filter>
    </ClInclude>
    <ClInclude Include="PosterFactory.h">
      <Filter>头文件\hyo\Flyweight</Filter>
    </ClInclude>
    <ClInclude Include="Poster.h">
      <Filter>头文件\hyo\Flyweight</Filter>
    </ClInclude>
    <ClInclude Include="Flyweight.h">
      <Filter>头文件\hyo\Flyweight</Filter>
    </ClInclude>
    <ClInclude Include="BusinessDelegate.h">
      <Filter>头文件\hyo\BusinessDelegate</Filter>
    </ClInclude>
    <ClInclude Include="Client.h">
      <Filter>头文件\hyo\BusinessDelegate</Filter>
    </ClInclude>
    <ClInclude Include="DrinkingService.h">
      <Filter>头文件\hyo\BusinessDelegate</Filter>
    </ClInclude>
    <ClInclude Include="QueryService.h">
      <Filter>头文件\hyo\BusinessDelegate</Filter>
    </ClInclude>
    <ClInclude Include="Service.h">
      <Filter>头文件\hyo\BusinessDelegate</Filter>
    </ClInclude>
    <ClInclude Include="ServiceDelegate.h">
      <Filter>头文件\hyo\BusinessDelegate</Filter>
    </ClInclude>
    <ClInclude Include="TicketService.h">
      <Filter>头文件\hyo\BusinessDelegate</Filter>
    </ClInclude>
    <ClInclude Include="GroundAfterUsedState.h">
      <Filter>头文件\hyo\State&amp;Template</Filter>
    </ClInclude>
    <ClInclude Include="GroundBeforeUsingState.h">
      <Filter>头文件\hyo\State&amp;Template</Filter>
    </ClInclude>
    <ClInclude Include="GroundState.h">
      <Filter>头文件\hyo\State&amp;Template</Filter>
    </ClInclude>
    <ClInclude Include="PoolGround.h">
      <Filter>头文件\hyo\State&amp;Template</Filter>
    </ClInclude>
    <ClInclude Include="SportsGround.h">
      <Filter>头文件\hyo\State&amp;Template</Filter>
    </ClInclude>
    <ClInclude Include="State.h">
      <Filter>头文件\hyo\State&amp;Template</Filter>
    </ClInclude>
    <ClInclude Include="TrackGround.h">
      <Filter>头文件\hyo\State&amp;Template</Filter>
    </ClInclude>
    <ClInclude Include="Add.h">
      <Filter>头文件\lxp</Filter>
    </ClInclude>
    <ClInclude Include="AddGoodsFilter.h">
      <Filter>头文件\lxp</Filter>
    </ClInclude>
    <ClInclude Include="AddPorterFilter.h">
      <Filter>头文件\lxp</Filter>
    </ClInclude>
    <ClInclude Include="BuyGoodsFilter.h">
      <Filter>头文件\lxp</Filter>
    </ClInclude>
    <ClInclude Include="CClient.h">
      <Filter>头文件\lxp</Filter>
    </ClInclude>
    <ClInclude Include="Equipment.h">
      <Filter>头文件\lxp</Filter>
    </ClInclude>
    <ClInclude Include="Filter.h">
      <Filter>头文件\lxp</Filter>
    </ClInclude>
    <ClInclude Include="FilterManager.h">
      <Filter>头文件\lxp</Filter>
    </ClInclude>
    <ClInclude Include="Food.h">
      <Filter>头文件\lxp</Filter>
    </ClInclude>
    <ClInclude Include="Goods.h">
      <Filter>头文件\lxp</Filter>
    </ClInclude>
    <ClInclude Include="List.h">
      <Filter>头文件\lxp</Filter>
    </ClInclude>
    <ClInclude Include="LookGoodsFilter.h">
      <Filter>头文件\lxp</Filter>
    </ClInclude>
    <ClInclude Include="LookPorterFilter.h">
      <Filter>头文件\lxp</Filter>
    </ClInclude>
    <ClInclude Include="Operation.h">
      <Filter>头文件\lxp</Filter>
    </ClInclude>
    <ClInclude Include="Page.h">
      <Filter>头文件\lxp</Filter>
    </ClInclude>
    <ClInclude Include="Porter.h">
      <Filter>头文件\lxp</Filter>
    </ClInclude>
    <ClInclude Include="PortFilter.h">
      <Filter>头文件\lxp</Filter>
    </ClInclude>
    <ClInclude Include="Reduce.h">
      <Filter>头文件\lxp</Filter>
    </ClInclude>
    <ClInclude Include="Tool.h">
      <Filter>头文件\lxp</Filter>
    </ClInclude>
    <ClInclude Include="FactoryMethod.h">
      <Filter>头文件\wjq\FactoryMethod</Filter>
    </ClInclude>
    <ClInclude Include="FootballTickets.h">
      <Filter>头文件\wjq\FactoryMethod</Filter>
    </ClInclude>
    <ClInclude Include="FootballTicketsOffice.h">
      <Filter>头文件\wjq\FactoryMethod</Filter>
    </ClInclude>
    <ClInclude Include="RunningTickets.h">
      <Filter>头文件\wjq\FactoryMethod</Filter>
    </ClInclude>
    <ClInclude Include="RunTicketsOffice.h">
      <Filter>头文件\wjq\FactoryMethod</Filter>
    </ClInclude>
    <ClInclude Include="SwimmingTickets.h">
      <Filter>头文件\wjq\FactoryMethod</Filter>
    </ClInclude>
    <ClInclude Include="SwimTicketsOffice.h">
      <Filter>头文件\wjq\FactoryMethod</Filter>
    </ClInclude>
    <ClInclude Include="Tickets.h">
      <Filter>头文件\wjq\FactoryMethod</Filter>
    </ClInclude>
    <ClInclude Include="TicketsOffice.h">
      <Filter>头文件\wjq\FactoryMethod</Filter>
    </ClInclude>
    <ClInclude Include="Dish.h">
      <Filter>头文件\wjq\Interpreter</Filter>
    </ClInclude>
    <ClInclude Include="Expression.h">
      <Filter>头文件\wjq\Interpreter</Filter>
    </ClInclude>
    <ClInclude Include="Interpreter.h">
      <Filter>头文件\wjq\Interpreter</Filter>
    </ClInclude>
    <ClInclude Include="Menu.h">
      <Filter>头文件\wjq\Interpreter</Filter>
    </ClInclude>
    <ClInclude Include="Operations.h">
      <Filter>头文件\wjq\Interpreter</Filter>
    </ClInclude>
    <ClInclude Include="CCClient.h">
      <Filter>头文件\wjq\ObjectPool</Filter>
    </ClInclude>
    <ClInclude Include="CustomeManager.h">
      <Filter>头文件\wjq\ObjectPool</Filter>
    </ClInclude>
    <ClInclude Include="FanCustome.h">
      <Filter>头文件\wjq\ObjectPool</Filter>
    </ClInclude>
    <ClInclude Include="ObjectPool.h">
      <Filter>头文件\wjq\ObjectPool</Filter>
    </ClInclude>
    <ClInclude Include="ServiceHall.h">
      <Filter>头文件\wjq\Test</Filter>
    </ClInclude>
    <ClInclude Include="BandageCmd.h">
      <Filter>头文件\syj\Command</Filter>
    </ClInclude>
    <ClInclude Include="Clerk.h">
      <Filter>头文件\syj\Command</Filter>
    </ClInclude>
    <ClInclude Include="command.h">
      <Filter>头文件\syj\Command</Filter>
    </ClInclude>
    <ClInclude Include="DrinkCmd.h">
      <Filter>头文件\syj\Command</Filter>
    </ClInclude>
    <ClInclude Include="FoodCmd.h">
      <Filter>头文件\syj\Command</Filter>
    </ClInclude>
    <ClInclude Include="order.h">
      <Filter>头文件\syj\Command</Filter>
    </ClInclude>
    <ClInclude Include="PosterCmd.h">
      <Filter>头文件\syj\Command</Filter>
    </ClInclude>
    <ClInclude Include="ShopAssitant.h">
      <Filter>头文件\syj\Command</Filter>
    </ClInclude>
    <ClInclude Include="composite.h">
      <Filter>头文件\syj\Composite</Filter>
    </ClInclude>
    <ClInclude Include="MenuComponent.h">
      <Filter>头文件\syj\Composite</Filter>
    </ClInclude>
    <ClInclude Include="MenuItem.h">
      <Filter>头文件\syj\Composite</Filter>
    </ClInclude>
    <ClInclude Include="MMenu.h">
      <Filter>头文件\syj\Composite</Filter>
    </ClInclude>
    <ClInclude Include="SafeProblemSolver.h">
      <Filter>头文件\syj\FrontController</Filter>
    </ClInclude>
    <ClInclude Include="RequestSolvable.h">
      <Filter>头文件\syj\FrontController</Filter>
    </ClInclude>
    <ClInclude Include="RequestDispatcher.h">
      <Filter>头文件\syj\FrontController</Filter>
    </ClInclude>
    <ClInclude Include="OlympicServiceCenter.h">
      <Filter>头文件\syj\FrontController</Filter>
    </ClInclude>
    <ClInclude Include="MatchProblemSolver.h">
      <Filter>头文件\syj\FrontController</Filter>
    </ClInclude>
    <ClInclude Include="FrontController.h">
      <Filter>头文件\syj\FrontController</Filter>
    </ClInclude>
    <ClInclude Include="FoodProblemSolver.h">
      <Filter>头文件\syj\FrontController</Filter>
    </ClInclude>
    <ClInclude Include="FacilityProblemSolver.h">
      <Filter>头文件\syj\FrontController</Filter>
    </ClInclude>
    <ClInclude Include="AbstractFactory.h">
      <Filter>头文件\hdl\AbstractFactory</Filter>
    </ClInclude>
    <ClInclude Include="Factory.h">
      <Filter>头文件\hdl\AbstractFactory</Filter>
    </ClInclude>
    <ClInclude Include="FengFactory.h">
      <Filter>头文件\hdl\AbstractFactory</Filter>
    </ClInclude>
    <ClInclude Include="FengGoggleProduct.h">
      <Filter>头文件\hdl\AbstractFactory</Filter>
    </ClInclude>
    <ClInclude Include="FengHelmetProduct.h">
      <Filter>头文件\hdl\AbstractFactory</Filter>
    </ClInclude>
    <ClInclude Include="FengKneecapProduct.h">
      <Filter>头文件\hdl\AbstractFactory</Filter>
    </ClInclude>
    <ClInclude Include="GoggleProduct.h">
      <Filter>头文件\hdl\AbstractFactory</Filter>
    </ClInclude>
    <ClInclude Include="HelmetProduct.h">
      <Filter>头文件\hdl\AbstractFactory</Filter>
    </ClInclude>
    <ClInclude Include="KneecapProduct.h">
      <Filter>头文件\hdl\AbstractFactory</Filter>
    </ClInclude>
    <ClInclude Include="LongFactory.h">
      <Filter>头文件\hdl\AbstractFactory</Filter>
    </ClInclude>
    <ClInclude Include="LongGoggleProduct.h">
      <Filter>头文件\hdl\AbstractFactory</Filter>
    </ClInclude>
    <ClInclude Include="LongHelmetProduct.h">
      <Filter>头文件\hdl\AbstractFactory</Filter>
    </ClInclude>
    <ClInclude Include="LongKneecapProduct.h">
      <Filter>头文件\hdl\AbstractFactory</Filter>
    </ClInclude>
    <ClInclude Include="VitaminC.h">
      <Filter>头文件\hdl\Decorator</Filter>
    </ClInclude>
    <ClInclude Include="VitaminB6.h">
      <Filter>头文件\hdl\Decorator</Filter>
    </ClInclude>
    <ClInclude Include="SUC.h">
      <Filter>头文件\hdl\Decorator</Filter>
    </ClInclude>
    <ClInclude Include="SportsDrinksDecorator.h">
      <Filter>头文件\hdl\Decorator</Filter>
    </ClInclude>
    <ClInclude Include="SportsDrinks.h">
      <Filter>头文件\hdl\Decorator</Filter>
    </ClInclude>
    <ClInclude Include="NaCl.h">
      <Filter>头文件\hdl\Decorator</Filter>
    </ClInclude>
    <ClInclude Include="KCl.h">
      <Filter>头文件\hdl\Decorator</Filter>
    </ClInclude>
    <ClInclude Include="GLC.h">
      <Filter>头文件\hdl\Decorator</Filter>
    </ClInclude>
    <ClInclude Include="Decorator.h">
      <Filter>头文件\hdl\Decorator</Filter>
    </ClInclude>
    <ClInclude Include="AnimalSportsDrinks.h">
      <Filter>头文件\hdl\Decorator</Filter>
    </ClInclude>
    <ClInclude Include="InterfaceFluent.h">
      <Filter>头文件\hdl\InterfaceFluent</Filter>
    </ClInclude>
    <ClInclude Include="PersonalInformation.h">
      <Filter>头文件\hdl\InterfaceFluent</Filter>
    </ClInclude>
    <ClInclude Include="Multiton.h">
      <Filter>头文件\yqx\Multiton</Filter>
    </ClInclude>
    <ClInclude Include="Builder.h">
      <Filter>头文件\yqx\Builder</Filter>
    </ClInclude>
    <ClInclude Include="Bridge.h">
      <Filter>头文件\yqx\Bridge</Filter>
    </ClInclude>
    <ClInclude Include="OAAdapter.h">
      <Filter>头文件\zmz\Adapter</Filter>
    </ClInclude>
    <ClInclude Include="Music.h">
      <Filter>头文件\zmz\Adapter</Filter>
    </ClInclude>
    <ClInclude Include="Otheranimals.h">
      <Filter>头文件\zmz\Adapter</Filter>
    </ClInclude>
    <ClInclude Include="Adapter.h">
      <Filter>头文件\zmz\Adapter</Filter>
    </ClInclude>
    <ClInclude Include="Board.h">
      <Filter>头文件\zmz\Mediator</Filter>
    </ClInclude>
    <ClInclude Include="Statistics.h">
      <Filter>头文件\zmz\Mediator</Filter>
    </ClInclude>
    <ClInclude Include="Mediator.h">
      <Filter>头文件\zmz\Mediator</Filter>
    </ClInclude>
    <ClInclude Include="AthleticsCompetitionCard.h">
      <Filter>头文件\zxm\StaticFactoryMethod</Filter>
    </ClInclude>
    <ClInclude Include="BallCompetitionCard.h">
      <Filter>头文件\zxm\StaticFactoryMethod</Filter>
    </ClInclude>
    <ClInclude Include="CompetitionCard.h">
      <Filter>头文件\zxm\StaticFactoryMethod</Filter>
    </ClInclude>
    <ClInclude Include="CompetitionCardFactory.h">
      <Filter>头文件\zxm\StaticFactoryMethod</Filter>
    </ClInclude>
    <ClInclude Include="StaticFactoryMethod.h">
      <Filter>头文件\zxm\StaticFactoryMethod</Filter>
    </ClInclude>
    <ClInclude Include="WaterCompetitionCard.h">
      <Filter>头文件\zxm\StaticFactoryMethod</Filter>
    </ClInclude>
    <ClInclude Include="SingletonMemento.h">
      <Filter>头文件\zxm\SingletonMemento</Filter>
    </ClInclude>
    <ClInclude Include="SnookerCompetition.h">
      <Filter>头文件\zxm\SingletonMemento</Filter>
    </ClInclude>
    <ClInclude Include="Memento.h">
      <Filter>头文件\zxm\SingletonMemento</Filter>
    </ClInclude>
    <ClInclude Include="CareTaker.h">
      <Filter>头文件\zxm\SingletonMemento</Filter>
    </ClInclude>
    <ClInclude Include="SilverMedal.h">
      <Filter>头文件\zxm\Prototype</Filter>
    </ClInclude>
    <ClInclude Include="Medal.h">
      <Filter>头文件\zxm\Prototype</Filter>
    </ClInclude>
    <ClInclude Include="GoldMedal.h">
      <Filter>头文件\zxm\Prototype</Filter>
    </ClInclude>
    <ClInclude Include="CopperMedal.h">
      <Filter>头文件\zxm\Prototype</Filter>
    </ClInclude>
    <ClInclude Include="Myprototype.h">
      <Filter>头文件\zxm\Prototype</Filter>
    </ClInclude>
    <ClInclude Include="attendingdoctor.hpp">
      <Filter>头文件\ht\ChainsOfResponsibility</Filter>
    </ClInclude>
    <ClInclude Include="basic.hpp">
      <Filter>头文件\ht\ChainsOfResponsibility</Filter>
    </ClInclude>
    <ClInclude Include="ChainsOfResponsibilityPattern.hpp">
      <Filter>头文件\ht\ChainsOfResponsibility</Filter>
    </ClInclude>
    <ClInclude Include="CheifDoctor.hpp">
      <Filter>头文件\ht\ChainsOfResponsibility</Filter>
    </ClInclude>
    <ClInclude Include="doctor.hpp">
      <Filter>头文件\ht\ChainsOfResponsibility</Filter>
    </ClInclude>
    <ClInclude Include="patient.hpp">
      <Filter>头文件\ht\ChainsOfResponsibility</Filter>
    </ClInclude>
    <ClInclude Include="normaldoctor.hpp">
      <Filter>头文件\ht\ChainsOfResponsibility</Filter>
    </ClInclude>
    <ClInclude Include="EmergencyDoctor.hpp">
      <Filter>头文件\ht\ChainsOfResponsibility</Filter>
    </ClInclude>
    <ClInclude Include="TicketChecking.hpp">
      <Filter>头文件\ht\Iterator</Filter>
    </ClInclude>
    <ClInclude Include="IteratorPattern.hpp">
      <Filter>头文件\ht\Iterator</Filter>
    </ClInclude>
    <ClInclude Include="iterator.hpp">
      <Filter>头文件\ht\Iterator</Filter>
    </ClInclude>
    <ClInclude Include="audience.hpp">
      <Filter>头文件\ht\Iterator</Filter>
    </ClInclude>
    <ClInclude Include="aggregate.hpp">
      <Filter>头文件\ht\Iterator</Filter>
    </ClInclude>
    <ClInclude Include="SpecificationPattern.hpp">
      <Filter>头文件\ht\Specification</Filter>
    </ClInclude>
    <ClInclude Include="SpecificationInterface.hpp">
      <Filter>头文件\ht\Specification</Filter>
    </ClInclude>
    <ClInclude Include="OrSpecification.hpp">
      <Filter>头文件\ht\Specification</Filter>
    </ClInclude>
    <ClInclude Include="NotSpecification.hpp">
      <Filter>头文件\ht\Specification</Filter>
    </ClInclude>
    <ClInclude Include="MedalSpecification.hpp">
      <Filter>头文件\ht\Specification</Filter>
    </ClInclude>
    <ClInclude Include="HasCheatedSpecification.hpp">
      <Filter>头文件\ht\Specification</Filter>
    </ClInclude>
    <ClInclude Include="ChampionSpecification.hpp">
      <Filter>头文件\ht\Specification</Filter>
    </ClInclude>
    <ClInclude Include="basic.h">
      <Filter>头文件\ht\Specification</Filter>
    </ClInclude>
    <ClInclude Include="AnimalCandidate.hpp">
      <Filter>头文件\ht\Specification</Filter>
    </ClInclude>
    <ClInclude Include="AndSpecification.hpp">
      <Filter>头文件\ht\Specification</Filter>
    </ClInclude>
    <ClInclude Include="AbstractSpecification.hpp">
      <Filter>头文件\ht\Specification</Filter>
    </ClInclude>
    <ClInclude Include="rbasic.h">
      <Filter>头文件\ht\ReplaceTempWithQuery</Filter>
    </ClInclude>
    <ClInclude Include="pastRecordOrder.hpp">
      <Filter>头文件\ht\ReplaceTempWithQuery</Filter>
    </ClInclude>
    <ClInclude Include="ReplaceTempWithQueryPattern.hpp">
      <Filter>头文件\ht\ReplaceTempWithQuery</Filter>
    </ClInclude>
    <ClInclude Include="Order.hpp">
      <Filter>头文件\ht\ReplaceTempWithQuery</Filter>
    </ClInclude>
    <ClInclude Include="improvedRecordOrder.hpp">
      <Filter>头文件\ht\ReplaceTempWithQuery</Filter>
    </ClInclude>
    <ClInclude Include="Animation.h">
      <Filter>头文件</Filter>
    </ClInclude>
  </ItemGroup>
</Project>