<?xml version="1.0" encoding="utf-8"?>
<Project ToolsVersion="4.0" xmlns="http://schemas.microsoft.com/developer/msbuild/2003">
  <ItemGroup>
    <Filter Include="源文件">
      <UniqueIdentifier>{4FC737F1-C7A5-4376-A066-2A32D752A2FF}</UniqueIdentifier>
      <Extensions>cpp;c;cc;cxx;def;odl;idl;hpj;bat;asm;asmx</Extensions>
    </Filter>
    <Filter Include="头文件">
      <UniqueIdentifier>{93995380-89BD-4b04-88EB-625FBE52EBFB}</UniqueIdentifier>
      <Extensions>h;hh;hpp;hxx;hm;inl;inc;ipp;xsd</Extensions>
    </Filter>
    <Filter Include="资源文件">
      <UniqueIdentifier>{67DA6AB6-F800-4c08-8B7A-83BB121AAD01}</UniqueIdentifier>
      <Extensions>rc;ico;cur;bmp;dlg;rc2;rct;bin;rgs;gif;jpg;jpeg;jpe;resx;tiff;tif;png;wav;mfcribbon-ms</Extensions>
    </Filter>
    <Filter Include="头文件\xjt">
      <UniqueIdentifier>{30894852-b4b0-4bde-8f92-eea5e5ffb4b9}</UniqueIdentifier>
    </Filter>
    <Filter Include="头文件\xjt\Proxy">
      <UniqueIdentifier>{999375fb-3076-4d20-9f30-ab1325414eb4}</UniqueIdentifier>
    </Filter>
    <Filter Include="源文件\xjt">
      <UniqueIdentifier>{2b9da75c-84fd-448a-92d8-23fe6a961d09}</UniqueIdentifier>
    </Filter>
    <Filter Include="源文件\xjt\Proxy">
      <UniqueIdentifier>{77308d73-1f5e-4475-8229-9a4c72d8bfcc}</UniqueIdentifier>
    </Filter>
    <Filter Include="头文件\xjt\Observer">
      <UniqueIdentifier>{5c469f9e-0abe-492f-a5dc-695f4a6a8256}</UniqueIdentifier>
    </Filter>
    <Filter Include="源文件\xjt\Observer">
      <UniqueIdentifier>{d72baf05-78ba-4970-b626-73f3a4799b1d}</UniqueIdentifier>
    </Filter>
    <Filter Include="源文件\xjt\Register">
      <UniqueIdentifier>{92bbcdcc-3229-4e92-b17d-ee35239dc580}</UniqueIdentifier>
    </Filter>
    <Filter Include="头文件\xjt\Register">
      <UniqueIdentifier>{a9ddc70d-fe88-409a-8a59-8ca7c7e8dc3c}</UniqueIdentifier>
    </Filter>
    <Filter Include="头文件\hyo">
      <UniqueIdentifier>{ec03a355-06f1-49f5-8791-cd2c5a9d87b3}</UniqueIdentifier>
    </Filter>
    <Filter Include="头文件\hyo\Flyweight">
      <UniqueIdentifier>{4b1d2140-c070-45b6-ad3b-b8370afbd4dc}</UniqueIdentifier>
    </Filter>
    <Filter Include="源文件\hyo">
      <UniqueIdentifier>{3aa637b8-a022-4d70-8cdd-3055f5fcaeac}</UniqueIdentifier>
    </Filter>
    <Filter Include="源文件\hyo\Flyweight">
      <UniqueIdentifier>{55c4d86b-9abb-4e67-99db-60ca7e83e169}</UniqueIdentifier>
    </Filter>
    <Filter Include="头文件\hyo\BusinessDelegate">
      <UniqueIdentifier>{a1494dfd-907d-4298-a89d-89229dd69f4e}</UniqueIdentifier>
    </Filter>
    <Filter Include="源文件\hyo\BusinessDelegate">
      <UniqueIdentifier>{ee25f422-b0d5-43d4-b197-70c1b436542f}</UniqueIdentifier>
    </Filter>
    <Filter Include="头文件\hyo\State&amp;Template">
      <UniqueIdentifier>{b647e20d-0dfb-42c8-a624-76794aa2a8ea}</UniqueIdentifier>
    </Filter>
    <Filter Include="源文件\hyo\State&amp;Template">
      <UniqueIdentifier>{813c7b4f-9c74-424a-b5e3-5d82e4ddf290}</UniqueIdentifier>
    </Filter>
    <Filter Include="源文件\lxp">
      <UniqueIdentifier>{dbc4644d-9c9a-498c-913c-734b08c09741}</UniqueIdentifier>
    </Filter>
    <Filter Include="头文件\lxp">
      <UniqueIdentifier>{d34e00bb-8eda-41ae-8517-1beab2f002ae}</UniqueIdentifier>
    </Filter>
    <Filter Include="头文件\wjq">
      <UniqueIdentifier>{676d35fd-2c92-4adf-a448-b328958f51b2}</UniqueIdentifier>
    </Filter>
    <Filter Include="源文件\wjq">
      <UniqueIdentifier>{4f884403-232c-445e-85bc-c6ba8cac91bc}</UniqueIdentifier>
    </Filter>
    <Filter Include="头文件\wjq\FactoryMethod">
      <UniqueIdentifier>{3a071866-7cd1-4ecb-9569-a494503f8ac5}</UniqueIdentifier>
    </Filter>
    <Filter Include="头文件\wjq\Interpreter">
      <UniqueIdentifier>{083b4453-b976-43dc-9f4e-832c7a92f948}</UniqueIdentifier>
    </Filter>
    <Filter Include="头文件\wjq\ObjectPool">
      <UniqueIdentifier>{4c1d5fd6-76aa-4a92-a319-744a57a0ec8b}</UniqueIdentifier>
    </Filter>
    <Filter Include="头文件\wjq\Test">
      <UniqueIdentifier>{0b701cdd-bffc-4c9a-89b7-ae8d8f307eca}</UniqueIdentifier>
    </Filter>
    <Filter Include="头文件\syj">
      <UniqueIdentifier>{89e08cb0-3c4b-44f6-a422-bad42089c97e}</UniqueIdentifier>
    </Filter>
    <Filter Include="源文件\syj">
      <UniqueIdentifier>{4eebdd91-1e7c-4f5d-a5cf-a9eaa906b5cc}</UniqueIdentifier>
    </Filter>
    <Filter Include="头文件\syj\Command">
      <UniqueIdentifier>{2647ff27-6f9d-4c12-a51a-6ebf90a74d73}</UniqueIdentifier>
    </Filter>
    <Filter Include="头文件\syj\Composite">
      <UniqueIdentifier>{64cda1a7-79bc-40e1-abd2-babfa09a7aa4}</UniqueIdentifier>
    </Filter>
    <Filter Include="头文件\syj\FrontController">
      <UniqueIdentifier>{0c435351-a4f7-44cc-9ae4-d0ba13d0c266}</UniqueIdentifier>
    </Filter>
    <Filter Include="源文件\syj\Command">
      <UniqueIdentifier>{ae709ce3-e2ba-4c4d-a3ad-75f10432a41a}</UniqueIdentifier>
    </Filter>
    <Filter Include="源文件\syj\Composite">
      <UniqueIdentifier>{363f72cf-4d0f-47e5-9ec1-0a99d053d20a}</UniqueIdentifier>
    </Filter>
    <Filter Include="源文件\syj\FrontController">
      <UniqueIdentifier>{b4e546e1-4393-4685-ae06-3feb06bcf55d}</UniqueIdentifier>
    </Filter>
    <Filter Include="头文件\hdl">
      <UniqueIdentifier>{9a22ad11-cd34-4daf-aafd-4bd8f78cf9ef}</UniqueIdentifier>
    </Filter>
    <Filter Include="源文件\hdl">
      <UniqueIdentifier>{e4b8ab81-b6b2-4b4d-ba9c-fd53f8343f35}</UniqueIdentifier>
    </Filter>
    <Filter Include="头文件\hdl\AbstractFactory">
      <UniqueIdentifier>{b4afc464-e86a-4b2b-90ba-ab0309aeb980}</UniqueIdentifier>
    </Filter>
    <Filter Include="头文件\hdl\Decorator">
      <UniqueIdentifier>{db51d765-cc8a-40bd-9f29-580e1b2c4adf}</UniqueIdentifier>
    </Filter>
    <Filter Include="头文件\hdl\InterfaceFluent">
      <UniqueIdentifier>{606fdc5c-f953-4ea4-90b9-7e18d6fdc06b}</UniqueIdentifier>
    </Filter>
    <Filter Include="源文件\hdl\AbstractFactory">
      <UniqueIdentifier>{28e23165-64fd-49d7-992a-317ef6fec3d5}</UniqueIdentifier>
    </Filter>
    <Filter Include="源文件\hdl\Decorator">
      <UniqueIdentifier>{35895313-567c-4ffd-b37c-b8fe2be4a33f}</UniqueIdentifier>
    </Filter>
    <Filter Include="源文件\hdl\InterfaceFluent">
      <UniqueIdentifier>{33c37c80-9316-41ff-be58-91373dea6649}</UniqueIdentifier>
    </Filter>
  </ItemGroup>
  <ItemGroup>
    <ClCompile Include="AnimalOlympic.cpp">
      <Filter>源文件</Filter>
    </ClCompile>
    <ClCompile Include="CommitteeOfGame.cpp">
      <Filter>源文件\xjt\Proxy</Filter>
    </ClCompile>
    <ClCompile Include="CommitteeOfDigging.cpp">
      <Filter>源文件\xjt\Proxy</Filter>
    </ClCompile>
    <ClCompile Include="Proxy.cpp">
      <Filter>源文件\xjt\Proxy</Filter>
    </ClCompile>
    <ClCompile Include="Subject.cpp">
      <Filter>源文件\xjt\Observer</Filter>
    </ClCompile>
    <ClCompile Include="Player.cpp">
      <Filter>源文件\xjt\Observer</Filter>
    </ClCompile>
    <ClCompile Include="Observer.cpp">
      <Filter>源文件\xjt\Observer</Filter>
    </ClCompile>
    <ClCompile Include="Tree.cpp">
      <Filter>源文件\xjt\Register</Filter>
    </ClCompile>
    <ClCompile Include="Register.cpp">
      <Filter>源文件\xjt\Register</Filter>
    </ClCompile>
    <ClCompile Include="Flyweight.cpp">
      <Filter>源文件\hyo\Flyweight</Filter>
    </ClCompile>
    <ClCompile Include="Poster.cpp">
      <Filter>源文件\hyo\Flyweight</Filter>
    </ClCompile>
    <ClCompile Include="PosterFactory.cpp">
      <Filter>源文件\hyo\Flyweight</Filter>
    </ClCompile>
    <ClCompile Include="PosterManager.cpp">
      <Filter>源文件\hyo\Flyweight</Filter>
    </ClCompile>
    <ClCompile Include="GroundAfterUsedState.cpp">
      <Filter>源文件\hyo\State&amp;Template</Filter>
    </ClCompile>
    <ClCompile Include="GroundBeforeUsingState.cpp">
      <Filter>源文件\hyo\State&amp;Template</Filter>
    </ClCompile>
    <ClCompile Include="PoolGround.cpp">
      <Filter>源文件\hyo\State&amp;Template</Filter>
    </ClCompile>
    <ClCompile Include="State.cpp">
      <Filter>源文件\hyo\State&amp;Template</Filter>
    </ClCompile>
    <ClCompile Include="TrackGround.cpp">
      <Filter>源文件\hyo\State&amp;Template</Filter>
    </ClCompile>
    <ClCompile Include="BusinessDelegate.cpp">
      <Filter>源文件\hyo\BusinessDelegate</Filter>
    </ClCompile>
    <ClCompile Include="Client.cpp">
      <Filter>源文件\hyo\BusinessDelegate</Filter>
    </ClCompile>
    <ClCompile Include="DrinkingService.cpp">
      <Filter>源文件\hyo\BusinessDelegate</Filter>
    </ClCompile>
    <ClCompile Include="QueryService.cpp">
      <Filter>源文件\hyo\BusinessDelegate</Filter>
    </ClCompile>
    <ClCompile Include="Service.cpp">
      <Filter>源文件\hyo\BusinessDelegate</Filter>
    </ClCompile>
    <ClCompile Include="ServiceDelegate.cpp">
      <Filter>源文件\hyo\BusinessDelegate</Filter>
    </ClCompile>
    <ClCompile Include="TicketService.cpp">
      <Filter>源文件\hyo\BusinessDelegate</Filter>
    </ClCompile>
    <ClCompile Include="Add.cpp">
      <Filter>源文件\lxp</Filter>
    </ClCompile>
    <ClCompile Include="AddGoodsFilter.cpp">
      <Filter>源文件\lxp</Filter>
    </ClCompile>
    <ClCompile Include="AddPorterFilter.cpp">
      <Filter>源文件\lxp</Filter>
    </ClCompile>
    <ClCompile Include="BuyGoodsFilter.cpp">
      <Filter>源文件\lxp</Filter>
    </ClCompile>
    <ClCompile Include="CClient.cpp">
      <Filter>源文件\lxp</Filter>
    </ClCompile>
    <ClCompile Include="Filter.cpp">
      <Filter>源文件\lxp</Filter>
    </ClCompile>
    <ClCompile Include="FilterManager.cpp">
      <Filter>源文件\lxp</Filter>
    </ClCompile>
    <ClCompile Include="Goods.cpp">
      <Filter>源文件\lxp</Filter>
    </ClCompile>
    <ClCompile Include="List.cpp">
      <Filter>源文件\lxp</Filter>
    </ClCompile>
    <ClCompile Include="LookGoodsFilter.cpp">
      <Filter>源文件\lxp</Filter>
    </ClCompile>
    <ClCompile Include="LookPorterFilter.cpp">
      <Filter>源文件\lxp</Filter>
    </ClCompile>
    <ClCompile Include="Page.cpp">
      <Filter>源文件\lxp</Filter>
    </ClCompile>
    <ClCompile Include="Porter.cpp">
      <Filter>源文件\lxp</Filter>
    </ClCompile>
    <ClCompile Include="PortFilter.cpp">
      <Filter>源文件\lxp</Filter>
    </ClCompile>
    <ClCompile Include="Reduce.cpp">
      <Filter>源文件\lxp</Filter>
    </ClCompile>
    <ClCompile Include="ServiceHall.cpp">
      <Filter>源文件\wjq</Filter>
    </ClCompile>
    <ClCompile Include="Clerk.cpp">
      <Filter>源文件\syj\Command</Filter>
    </ClCompile>
    <ClCompile Include="command.cpp">
      <Filter>源文件\syj\Command</Filter>
    </ClCompile>
    <ClCompile Include="ShopAssistant.cpp">
      <Filter>源文件\syj\Command</Filter>
    </ClCompile>
    <ClCompile Include="composite.cpp">
      <Filter>源文件\syj\Composite</Filter>
    </ClCompile>
    <ClCompile Include="MenuItem.cpp">
      <Filter>源文件\syj\Composite</Filter>
    </ClCompile>
    <ClCompile Include="MMenu.cpp">
      <Filter>源文件\syj\Composite</Filter>
    </ClCompile>
    <ClCompile Include="FacilityProblemSolver.cpp">
      <Filter>源文件\syj\FrontController</Filter>
    </ClCompile>
    <ClCompile Include="FoodProblemSolver.cpp">
      <Filter>源文件\syj\FrontController</Filter>
    </ClCompile>
    <ClCompile Include="MatchProblemSolver.cpp">
      <Filter>源文件\syj\FrontController</Filter>
    </ClCompile>
    <ClCompile Include="OlympicServiceCenter.cpp">
      <Filter>源文件\syj\FrontController</Filter>
    </ClCompile>
    <ClCompile Include="RequestDispatcher.cpp">
      <Filter>源文件\syj\FrontController</Filter>
    </ClCompile>
    <ClCompile Include="safeProblemSolver.cpp">
      <Filter>源文件\syj\FrontController</Filter>
    </ClCompile>
    <ClCompile Include="FengFactory.cpp">
      <Filter>源文件\hdl\AbstractFactory</Filter>
    </ClCompile>
    <ClCompile Include="AbstractFactory.cpp">
      <Filter>源文件\hdl\AbstractFactory</Filter>
    </ClCompile>
    <ClCompile Include="Factory.cpp">
      <Filter>源文件\hdl\AbstractFactory</Filter>
    </ClCompile>
    <ClCompile Include="FengGoggleProduct.cpp">
      <Filter>源文件\hdl\AbstractFactory</Filter>
    </ClCompile>
    <ClCompile Include="FengHelmetProduct.cpp">
      <Filter>源文件\hdl\AbstractFactory</Filter>
    </ClCompile>
    <ClCompile Include="FengKneecapProduct.cpp">
      <Filter>源文件\hdl\AbstractFactory</Filter>
    </ClCompile>
    <ClCompile Include="GoggleProduct.cpp">
      <Filter>源文件\hdl\AbstractFactory</Filter>
    </ClCompile>
    <ClCompile Include="HelmetProduct.cpp">
      <Filter>源文件\hdl\AbstractFactory</Filter>
    </ClCompile>
    <ClCompile Include="KneecapProduct.cpp">
      <Filter>源文件\hdl\AbstractFactory</Filter>
    </ClCompile>
    <ClCompile Include="LongFactory.cpp">
      <Filter>源文件\hdl\AbstractFactory</Filter>
    </ClCompile>
    <ClCompile Include="LongGoggleProduct.cpp">
      <Filter>源文件\hdl\AbstractFactory</Filter>
    </ClCompile>
    <ClCompile Include="LongHelmetProduct.cpp">
      <Filter>源文件\hdl\AbstractFactory</Filter>
    </ClCompile>
    <ClCompile Include="LongKneecapProduct.cpp">
      <Filter>源文件\hdl\AbstractFactory</Filter>
    </ClCompile>
    <ClCompile Include="AnimalSportsDrinks.cpp">
      <Filter>源文件\hdl\Decorator</Filter>
    </ClCompile>
    <ClCompile Include="Decorator.cpp">
      <Filter>源文件\hdl\Decorator</Filter>
    </ClCompile>
    <ClCompile Include="GLC.cpp">
      <Filter>源文件\hdl\Decorator</Filter>
    </ClCompile>
    <ClCompile Include="KCl.cpp">
      <Filter>源文件\hdl\Decorator</Filter>
    </ClCompile>
    <ClCompile Include="NaCl.cpp">
      <Filter>源文件\hdl\Decorator</Filter>
    </ClCompile>
    <ClCompile Include="SportsDrinks.cpp">
      <Filter>源文件\hdl\Decorator</Filter>
    </ClCompile>
    <ClCompile Include="SportsDrinksDecorator.cpp">
      <Filter>源文件\hdl\Decorator</Filter>
    </ClCompile>
    <ClCompile Include="SUC.cpp">
      <Filter>源文件\hdl\Decorator</Filter>
    </ClCompile>
    <ClCompile Include="VitaminB6.cpp">
      <Filter>源文件\hdl\Decorator</Filter>
    </ClCompile>
    <ClCompile Include="VitaminC.cpp">
      <Filter>源文件\hdl\Decorator</Filter>
    </ClCompile>
    <ClCompile Include="InterfaceFluent.cpp">
      <Filter>源文件\hdl\InterfaceFluent</Filter>
    </ClCompile>
    <ClCompile Include="PersonalInformation.cpp">
      <Filter>源文件\hdl\InterfaceFluent</Filter>
    </ClCompile>
  </ItemGroup>
  <ItemGroup>
    <ClInclude Include="Register.h">
      <Filter>头文件\xjt\Register</Filter>
    </ClInclude>
    <ClInclude Include="Tree.h">
      <Filter>头文件\xjt\Register</Filter>
    </ClInclude>
    <ClInclude Include="Proxy.h">
      <Filter>头文件\xjt\Proxy</Filter>
    </ClInclude>
    <ClInclude Include="CommitteeOfGame.h">
      <Filter>头文件\xjt\Proxy</Filter>
    </ClInclude>
    <ClInclude Include="CommitteeOfDigging.h">
      <Filter>头文件\xjt\Proxy</Filter>
    </ClInclude>
    <ClInclude Include="Subject.h">
      <Filter>头文件\xjt\Observer</Filter>
    </ClInclude>
    <ClInclude Include="Player.h">
      <Filter>头文件\xjt\Observer</Filter>
    </ClInclude>
    <ClInclude Include="Observer.h">
      <Filter>头文件\xjt\Observer</Filter>
    </ClInclude>
    <ClInclude Include="PosterManager.h">
      <Filter>头文件\hyo\Flyweight</Filter>
    </ClInclude>
    <ClInclude Include="PosterFactory.h">
      <Filter>头文件\hyo\Flyweight</Filter>
    </ClInclude>
    <ClInclude Include="Poster.h">
      <Filter>头文件\hyo\Flyweight</Filter>
    </ClInclude>
    <ClInclude Include="Flyweight.h">
      <Filter>头文件\hyo\Flyweight</Filter>
    </ClInclude>
    <ClInclude Include="BusinessDelegate.h">
      <Filter>头文件\hyo\BusinessDelegate</Filter>
    </ClInclude>
    <ClInclude Include="Client.h">
      <Filter>头文件\hyo\BusinessDelegate</Filter>
    </ClInclude>
    <ClInclude Include="DrinkingService.h">
      <Filter>头文件\hyo\BusinessDelegate</Filter>
    </ClInclude>
    <ClInclude Include="QueryService.h">
      <Filter>头文件\hyo\BusinessDelegate</Filter>
    </ClInclude>
    <ClInclude Include="Service.h">
      <Filter>头文件\hyo\BusinessDelegate</Filter>
    </ClInclude>
    <ClInclude Include="ServiceDelegate.h">
      <Filter>头文件\hyo\BusinessDelegate</Filter>
    </ClInclude>
    <ClInclude Include="TicketService.h">
      <Filter>头文件\hyo\BusinessDelegate</Filter>
    </ClInclude>
    <ClInclude Include="GroundAfterUsedState.h">
      <Filter>头文件\hyo\State&amp;Template</Filter>
    </ClInclude>
    <ClInclude Include="GroundBeforeUsingState.h">
      <Filter>头文件\hyo\State&amp;Template</Filter>
    </ClInclude>
    <ClInclude Include="GroundState.h">
      <Filter>头文件\hyo\State&amp;Template</Filter>
    </ClInclude>
    <ClInclude Include="PoolGround.h">
      <Filter>头文件\hyo\State&amp;Template</Filter>
    </ClInclude>
    <ClInclude Include="SportsGround.h">
      <Filter>头文件\hyo\State&amp;Template</Filter>
    </ClInclude>
    <ClInclude Include="State.h">
      <Filter>头文件\hyo\State&amp;Template</Filter>
    </ClInclude>
    <ClInclude Include="TrackGround.h">
      <Filter>头文件\hyo\State&amp;Template</Filter>
    </ClInclude>
    <ClInclude Include="Add.h">
      <Filter>头文件\lxp</Filter>
    </ClInclude>
    <ClInclude Include="AddGoodsFilter.h">
      <Filter>头文件\lxp</Filter>
    </ClInclude>
    <ClInclude Include="AddPorterFilter.h">
      <Filter>头文件\lxp</Filter>
    </ClInclude>
    <ClInclude Include="BuyGoodsFilter.h">
      <Filter>头文件\lxp</Filter>
    </ClInclude>
    <ClInclude Include="CClient.h">
      <Filter>头文件\lxp</Filter>
    </ClInclude>
    <ClInclude Include="Equipment.h">
      <Filter>头文件\lxp</Filter>
    </ClInclude>
    <ClInclude Include="Filter.h">
      <Filter>头文件\lxp</Filter>
    </ClInclude>
    <ClInclude Include="FilterManager.h">
      <Filter>头文件\lxp</Filter>
    </ClInclude>
    <ClInclude Include="Food.h">
      <Filter>头文件\lxp</Filter>
    </ClInclude>
    <ClInclude Include="Goods.h">
      <Filter>头文件\lxp</Filter>
    </ClInclude>
    <ClInclude Include="List.h">
      <Filter>头文件\lxp</Filter>
    </ClInclude>
    <ClInclude Include="LookGoodsFilter.h">
      <Filter>头文件\lxp</Filter>
    </ClInclude>
    <ClInclude Include="LookPorterFilter.h">
      <Filter>头文件\lxp</Filter>
    </ClInclude>
    <ClInclude Include="Operation.h">
      <Filter>头文件\lxp</Filter>
    </ClInclude>
    <ClInclude Include="Page.h">
      <Filter>头文件\lxp</Filter>
    </ClInclude>
    <ClInclude Include="Porter.h">
      <Filter>头文件\lxp</Filter>
    </ClInclude>
    <ClInclude Include="PortFilter.h">
      <Filter>头文件\lxp</Filter>
    </ClInclude>
    <ClInclude Include="Reduce.h">
      <Filter>头文件\lxp</Filter>
    </ClInclude>
    <ClInclude Include="Tool.h">
      <Filter>头文件\lxp</Filter>
    </ClInclude>
    <ClInclude Include="FactoryMethod.h">
      <Filter>头文件\wjq\FactoryMethod</Filter>
    </ClInclude>
    <ClInclude Include="FootballTickets.h">
      <Filter>头文件\wjq\FactoryMethod</Filter>
    </ClInclude>
    <ClInclude Include="FootballTicketsOffice.h">
      <Filter>头文件\wjq\FactoryMethod</Filter>
    </ClInclude>
    <ClInclude Include="RunningTickets.h">
      <Filter>头文件\wjq\FactoryMethod</Filter>
    </ClInclude>
    <ClInclude Include="RunTicketsOffice.h">
      <Filter>头文件\wjq\FactoryMethod</Filter>
    </ClInclude>
    <ClInclude Include="SwimmingTickets.h">
      <Filter>头文件\wjq\FactoryMethod</Filter>
    </ClInclude>
    <ClInclude Include="SwimTicketsOffice.h">
      <Filter>头文件\wjq\FactoryMethod</Filter>
    </ClInclude>
    <ClInclude Include="Tickets.h">
      <Filter>头文件\wjq\FactoryMethod</Filter>
    </ClInclude>
    <ClInclude Include="TicketsOffice.h">
      <Filter>头文件\wjq\FactoryMethod</Filter>
    </ClInclude>
    <ClInclude Include="Dish.h">
      <Filter>头文件\wjq\Interpreter</Filter>
    </ClInclude>
    <ClInclude Include="Expression.h">
      <Filter>头文件\wjq\Interpreter</Filter>
    </ClInclude>
    <ClInclude Include="Interpreter.h">
      <Filter>头文件\wjq\Interpreter</Filter>
    </ClInclude>
    <ClInclude Include="Menu.h">
      <Filter>头文件\wjq\Interpreter</Filter>
    </ClInclude>
    <ClInclude Include="Operations.h">
      <Filter>头文件\wjq\Interpreter</Filter>
    </ClInclude>
    <ClInclude Include="CCClient.h">
      <Filter>头文件\wjq\ObjectPool</Filter>
    </ClInclude>
    <ClInclude Include="CustomeManager.h">
      <Filter>头文件\wjq\ObjectPool</Filter>
    </ClInclude>
    <ClInclude Include="FanCustome.h">
      <Filter>头文件\wjq\ObjectPool</Filter>
    </ClInclude>
    <ClInclude Include="ObjectPool.h">
      <Filter>头文件\wjq\ObjectPool</Filter>
    </ClInclude>
    <ClInclude Include="ServiceHall.h">
      <Filter>头文件\wjq\Test</Filter>
    </ClInclude>
    <ClInclude Include="BandageCmd.h">
      <Filter>头文件\syj\Command</Filter>
    </ClInclude>
    <ClInclude Include="Clerk.h">
      <Filter>头文件\syj\Command</Filter>
    </ClInclude>
    <ClInclude Include="command.h">
      <Filter>头文件\syj\Command</Filter>
    </ClInclude>
    <ClInclude Include="DrinkCmd.h">
      <Filter>头文件\syj\Command</Filter>
    </ClInclude>
    <ClInclude Include="FoodCmd.h">
      <Filter>头文件\syj\Command</Filter>
    </ClInclude>
    <ClInclude Include="order.h">
      <Filter>头文件\syj\Command</Filter>
    </ClInclude>
    <ClInclude Include="PosterCmd.h">
      <Filter>头文件\syj\Command</Filter>
    </ClInclude>
    <ClInclude Include="ShopAssitant.h">
      <Filter>头文件\syj\Command</Filter>
    </ClInclude>
    <ClInclude Include="composite.h">
      <Filter>头文件\syj\Composite</Filter>
    </ClInclude>
    <ClInclude Include="MenuComponent.h">
      <Filter>头文件\syj\Composite</Filter>
    </ClInclude>
    <ClInclude Include="MenuItem.h">
      <Filter>头文件\syj\Composite</Filter>
    </ClInclude>
    <ClInclude Include="MMenu.h">
      <Filter>头文件\syj\Composite</Filter>
    </ClInclude>
    <ClInclude Include="SafeProblemSolver.h">
      <Filter>头文件\syj\FrontController</Filter>
    </ClInclude>
    <ClInclude Include="RequestSolvable.h">
      <Filter>头文件\syj\FrontController</Filter>
    </ClInclude>
    <ClInclude Include="RequestDispatcher.h">
      <Filter>头文件\syj\FrontController</Filter>
    </ClInclude>
    <ClInclude Include="OlympicServiceCenter.h">
      <Filter>头文件\syj\FrontController</Filter>
    </ClInclude>
    <ClInclude Include="MatchProblemSolver.h">
      <Filter>头文件\syj\FrontController</Filter>
    </ClInclude>
    <ClInclude Include="FrontController.h">
      <Filter>头文件\syj\FrontController</Filter>
    </ClInclude>
    <ClInclude Include="FoodProblemSolver.h">
      <Filter>头文件\syj\FrontController</Filter>
    </ClInclude>
    <ClInclude Include="FacilityProblemSolver.h">
      <Filter>头文件\syj\FrontController</Filter>
    </ClInclude>
    <ClInclude Include="AbstractFactory.h">
      <Filter>头文件\hdl\AbstractFactory</Filter>
    </ClInclude>
    <ClInclude Include="Factory.h">
      <Filter>头文件\hdl\AbstractFactory</Filter>
    </ClInclude>
    <ClInclude Include="FengFactory.h">
      <Filter>头文件\hdl\AbstractFactory</Filter>
    </ClInclude>
    <ClInclude Include="FengGoggleProduct.h">
      <Filter>头文件\hdl\AbstractFactory</Filter>
    </ClInclude>
    <ClInclude Include="FengHelmetProduct.h">
      <Filter>头文件\hdl\AbstractFactory</Filter>
    </ClInclude>
    <ClInclude Include="FengKneecapProduct.h">
      <Filter>头文件\hdl\AbstractFactory</Filter>
    </ClInclude>
    <ClInclude Include="GoggleProduct.h">
      <Filter>头文件\hdl\AbstractFactory</Filter>
    </ClInclude>
    <ClInclude Include="HelmetProduct.h">
      <Filter>头文件\hdl\AbstractFactory</Filter>
    </ClInclude>
    <ClInclude Include="KneecapProduct.h">
      <Filter>头文件\hdl\AbstractFactory</Filter>
    </ClInclude>
    <ClInclude Include="LongFactory.h">
      <Filter>头文件\hdl\AbstractFactory</Filter>
    </ClInclude>
    <ClInclude Include="LongGoggleProduct.h">
      <Filter>头文件\hdl\AbstractFactory</Filter>
    </ClInclude>
    <ClInclude Include="LongHelmetProduct.h">
      <Filter>头文件\hdl\AbstractFactory</Filter>
    </ClInclude>
    <ClInclude Include="LongKneecapProduct.h">
      <Filter>头文件\hdl\AbstractFactory</Filter>
    </ClInclude>
    <ClInclude Include="VitaminC.h">
      <Filter>头文件\hdl\Decorator</Filter>
    </ClInclude>
    <ClInclude Include="VitaminB6.h">
      <Filter>头文件\hdl\Decorator</Filter>
    </ClInclude>
    <ClInclude Include="SUC.h">
      <Filter>头文件\hdl\Decorator</Filter>
    </ClInclude>
    <ClInclude Include="SportsDrinksDecorator.h">
      <Filter>头文件\hdl\Decorator</Filter>
    </ClInclude>
    <ClInclude Include="SportsDrinks.h">
      <Filter>头文件\hdl\Decorator</Filter>
    </ClInclude>
    <ClInclude Include="NaCl.h">
      <Filter>头文件\hdl\Decorator</Filter>
    </ClInclude>
    <ClInclude Include="KCl.h">
      <Filter>头文件\hdl\Decorator</Filter>
    </ClInclude>
    <ClInclude Include="GLC.h">
      <Filter>头文件\hdl\Decorator</Filter>
    </ClInclude>
    <ClInclude Include="Decorator.h">
      <Filter>头文件\hdl\Decorator</Filter>
    </ClInclude>
    <ClInclude Include="AnimalSportsDrinks.h">
      <Filter>头文件\hdl\Decorator</Filter>
    </ClInclude>
    <ClInclude Include="InterfaceFluent.h">
      <Filter>头文件\hdl\InterfaceFluent</Filter>
    </ClInclude>
    <ClInclude Include="PersonalInformation.h">
      <Filter>头文件\hdl\InterfaceFluent</Filter>
    </ClInclude>
  </ItemGroup>
</Project>