<?xml version="1.0" encoding="utf-8"?>
<Project ToolsVersion="4.0" xmlns="http://schemas.microsoft.com/developer/msbuild/2003">
  <ItemGroup>
    <Filter Include="源文件">
      <UniqueIdentifier>{4FC737F1-C7A5-4376-A066-2A32D752A2FF}</UniqueIdentifier>
      <Extensions>cpp;c;cc;cxx;def;odl;idl;hpj;bat;asm;asmx</Extensions>
    </Filter>
    <Filter Include="头文件">
      <UniqueIdentifier>{93995380-89BD-4b04-88EB-625FBE52EBFB}</UniqueIdentifier>
      <Extensions>h;hh;hpp;hxx;hm;inl;inc;ipp;xsd</Extensions>
    </Filter>
    <Filter Include="资源文件">
      <UniqueIdentifier>{67DA6AB6-F800-4c08-8B7A-83BB121AAD01}</UniqueIdentifier>
      <Extensions>rc;ico;cur;bmp;dlg;rc2;rct;bin;rgs;gif;jpg;jpeg;jpe;resx;tiff;tif;png;wav;mfcribbon-ms</Extensions>
    </Filter>
    <Filter Include="头文件\xjt">
      <UniqueIdentifier>{30894852-b4b0-4bde-8f92-eea5e5ffb4b9}</UniqueIdentifier>
    </Filter>
    <Filter Include="头文件\xjt\Proxy">
      <UniqueIdentifier>{999375fb-3076-4d20-9f30-ab1325414eb4}</UniqueIdentifier>
    </Filter>
    <Filter Include="源文件\xjt">
      <UniqueIdentifier>{2b9da75c-84fd-448a-92d8-23fe6a961d09}</UniqueIdentifier>
    </Filter>
    <Filter Include="源文件\xjt\Proxy">
      <UniqueIdentifier>{77308d73-1f5e-4475-8229-9a4c72d8bfcc}</UniqueIdentifier>
    </Filter>
    <Filter Include="头文件\xjt\Observer">
      <UniqueIdentifier>{5c469f9e-0abe-492f-a5dc-695f4a6a8256}</UniqueIdentifier>
    </Filter>
    <Filter Include="源文件\xjt\Observer">
      <UniqueIdentifier>{d72baf05-78ba-4970-b626-73f3a4799b1d}</UniqueIdentifier>
    </Filter>
    <Filter Include="源文件\xjt\Register">
      <UniqueIdentifier>{92bbcdcc-3229-4e92-b17d-ee35239dc580}</UniqueIdentifier>
    </Filter>
    <Filter Include="头文件\xjt\Register">
      <UniqueIdentifier>{a9ddc70d-fe88-409a-8a59-8ca7c7e8dc3c}</UniqueIdentifier>
    </Filter>
    <Filter Include="头文件\hyo">
      <UniqueIdentifier>{ec03a355-06f1-49f5-8791-cd2c5a9d87b3}</UniqueIdentifier>
    </Filter>
    <Filter Include="头文件\hyo\Flyweight">
      <UniqueIdentifier>{4b1d2140-c070-45b6-ad3b-b8370afbd4dc}</UniqueIdentifier>
    </Filter>
    <Filter Include="源文件\hyo">
      <UniqueIdentifier>{3aa637b8-a022-4d70-8cdd-3055f5fcaeac}</UniqueIdentifier>
    </Filter>
    <Filter Include="源文件\hyo\Flyweight">
      <UniqueIdentifier>{55c4d86b-9abb-4e67-99db-60ca7e83e169}</UniqueIdentifier>
    </Filter>
    <Filter Include="头文件\hyo\BusinessDelegate">
      <UniqueIdentifier>{a1494dfd-907d-4298-a89d-89229dd69f4e}</UniqueIdentifier>
    </Filter>
    <Filter Include="源文件\hyo\BusinessDelegate">
      <UniqueIdentifier>{ee25f422-b0d5-43d4-b197-70c1b436542f}</UniqueIdentifier>
    </Filter>
    <Filter Include="头文件\hyo\State&amp;Template">
      <UniqueIdentifier>{b647e20d-0dfb-42c8-a624-76794aa2a8ea}</UniqueIdentifier>
    </Filter>
    <Filter Include="源文件\hyo\State&amp;Template">
      <UniqueIdentifier>{813c7b4f-9c74-424a-b5e3-5d82e4ddf290}</UniqueIdentifier>
    </Filter>
  </ItemGroup>
  <ItemGroup>
    <ClCompile Include="AnimalOlympic.cpp">
      <Filter>源文件</Filter>
    </ClCompile>
    <ClCompile Include="CommitteeOfGame.cpp">
      <Filter>源文件\xjt\Proxy</Filter>
    </ClCompile>
    <ClCompile Include="CommitteeOfDigging.cpp">
      <Filter>源文件\xjt\Proxy</Filter>
    </ClCompile>
    <ClCompile Include="Proxy.cpp">
      <Filter>源文件\xjt\Proxy</Filter>
    </ClCompile>
    <ClCompile Include="Subject.cpp">
      <Filter>源文件\xjt\Observer</Filter>
    </ClCompile>
    <ClCompile Include="Player.cpp">
      <Filter>源文件\xjt\Observer</Filter>
    </ClCompile>
    <ClCompile Include="Observer.cpp">
      <Filter>源文件\xjt\Observer</Filter>
    </ClCompile>
    <ClCompile Include="Tree.cpp">
      <Filter>源文件\xjt\Register</Filter>
    </ClCompile>
    <ClCompile Include="Register.cpp">
      <Filter>源文件\xjt\Register</Filter>
    </ClCompile>
    <ClCompile Include="Flyweight.cpp">
      <Filter>源文件\hyo\Flyweight</Filter>
    </ClCompile>
    <ClCompile Include="Poster.cpp">
      <Filter>源文件\hyo\Flyweight</Filter>
    </ClCompile>
    <ClCompile Include="PosterFactory.cpp">
      <Filter>源文件\hyo\Flyweight</Filter>
    </ClCompile>
    <ClCompile Include="PosterManager.cpp">
      <Filter>源文件\hyo\Flyweight</Filter>
    </ClCompile>
    <ClCompile Include="GroundAfterUsedState.cpp">
      <Filter>源文件\hyo\State&amp;Template</Filter>
    </ClCompile>
    <ClCompile Include="GroundBeforeUsingState.cpp">
      <Filter>源文件\hyo\State&amp;Template</Filter>
    </ClCompile>
    <ClCompile Include="PoolGround.cpp">
      <Filter>源文件\hyo\State&amp;Template</Filter>
    </ClCompile>
    <ClCompile Include="State.cpp">
      <Filter>源文件\hyo\State&amp;Template</Filter>
    </ClCompile>
    <ClCompile Include="TrackGround.cpp">
      <Filter>源文件\hyo\State&amp;Template</Filter>
    </ClCompile>
    <ClCompile Include="BusinessDelegate.cpp">
      <Filter>源文件\hyo\BusinessDelegate</Filter>
    </ClCompile>
    <ClCompile Include="Client.cpp">
      <Filter>源文件\hyo\BusinessDelegate</Filter>
    </ClCompile>
    <ClCompile Include="DrinkingService.cpp">
      <Filter>源文件\hyo\BusinessDelegate</Filter>
    </ClCompile>
    <ClCompile Include="QueryService.cpp">
      <Filter>源文件\hyo\BusinessDelegate</Filter>
    </ClCompile>
    <ClCompile Include="Service.cpp">
      <Filter>源文件\hyo\BusinessDelegate</Filter>
    </ClCompile>
    <ClCompile Include="ServiceDelegate.cpp">
      <Filter>源文件\hyo\BusinessDelegate</Filter>
    </ClCompile>
    <ClCompile Include="TicketService.cpp">
      <Filter>源文件\hyo\BusinessDelegate</Filter>
    </ClCompile>
  </ItemGroup>
  <ItemGroup>
    <ClInclude Include="Register.h">
      <Filter>头文件\xjt\Register</Filter>
    </ClInclude>
    <ClInclude Include="Tree.h">
      <Filter>头文件\xjt\Register</Filter>
    </ClInclude>
    <ClInclude Include="Proxy.h">
      <Filter>头文件\xjt\Proxy</Filter>
    </ClInclude>
    <ClInclude Include="CommitteeOfGame.h">
      <Filter>头文件\xjt\Proxy</Filter>
    </ClInclude>
    <ClInclude Include="CommitteeOfDigging.h">
      <Filter>头文件\xjt\Proxy</Filter>
    </ClInclude>
    <ClInclude Include="Subject.h">
      <Filter>头文件\xjt\Observer</Filter>
    </ClInclude>
    <ClInclude Include="Player.h">
      <Filter>头文件\xjt\Observer</Filter>
    </ClInclude>
    <ClInclude Include="Observer.h">
      <Filter>头文件\xjt\Observer</Filter>
    </ClInclude>
    <ClInclude Include="PosterManager.h">
      <Filter>头文件\hyo\Flyweight</Filter>
    </ClInclude>
    <ClInclude Include="PosterFactory.h">
      <Filter>头文件\hyo\Flyweight</Filter>
    </ClInclude>
    <ClInclude Include="Poster.h">
      <Filter>头文件\hyo\Flyweight</Filter>
    </ClInclude>
    <ClInclude Include="Flyweight.h">
      <Filter>头文件\hyo\Flyweight</Filter>
    </ClInclude>
    <ClInclude Include="BusinessDelegate.h">
      <Filter>头文件\hyo\BusinessDelegate</Filter>
    </ClInclude>
    <ClInclude Include="Client.h">
      <Filter>头文件\hyo\BusinessDelegate</Filter>
    </ClInclude>
    <ClInclude Include="DrinkingService.h">
      <Filter>头文件\hyo\BusinessDelegate</Filter>
    </ClInclude>
    <ClInclude Include="QueryService.h">
      <Filter>头文件\hyo\BusinessDelegate</Filter>
    </ClInclude>
    <ClInclude Include="Service.h">
      <Filter>头文件\hyo\BusinessDelegate</Filter>
    </ClInclude>
    <ClInclude Include="ServiceDelegate.h">
      <Filter>头文件\hyo\BusinessDelegate</Filter>
    </ClInclude>
    <ClInclude Include="TicketService.h">
      <Filter>头文件\hyo\BusinessDelegate</Filter>
    </ClInclude>
    <ClInclude Include="GroundAfterUsedState.h">
      <Filter>头文件\hyo\State&amp;Template</Filter>
    </ClInclude>
    <ClInclude Include="GroundBeforeUsingState.h">
      <Filter>头文件\hyo\State&amp;Template</Filter>
    </ClInclude>
    <ClInclude Include="GroundState.h">
      <Filter>头文件\hyo\State&amp;Template</Filter>
    </ClInclude>
    <ClInclude Include="PoolGround.h">
      <Filter>头文件\hyo\State&amp;Template</Filter>
    </ClInclude>
    <ClInclude Include="SportsGround.h">
      <Filter>头文件\hyo\State&amp;Template</Filter>
    </ClInclude>
    <ClInclude Include="State.h">
      <Filter>头文件\hyo\State&amp;Template</Filter>
    </ClInclude>
    <ClInclude Include="TrackGround.h">
      <Filter>头文件\hyo\State&amp;Template</Filter>
    </ClInclude>
  </ItemGroup>
</Project>